{
  "schema_version": "k12.runner.image-lock.v1",
  "image": "k12-codelab-runner:0.1.0",
  "image_digest": "sha256:d4e30988ef2a25717f93b0fc3cbfe4ffb0a466a442b80b912728d305a79daeab",
  "base_image": "python:3.12-slim",
  "base_digest": "sha256:229a2c5bfa27522db7815ea81f9bed70af17ccb9de9fc7ad142b1877b5830d36",
  "python": "3.12.13",
  "application_dependencies": [],
  "worker_sha256": "c5b637a828ec5b4d9be092b5ab1b79704728890bc1db79f52c1db5ef4238e3dc",
  "student_network": "none",
  "student_user": "65532:65532",
  "build_policy": "docker build --pull=false --file runner/Dockerfile --tag k12-codelab-runner:0.1.0 runner"
}
